// !$*UTF8*$!
{
	archiveVersion = 1;
	classes = {
	};
	objectVersion = 55;
	objects = {

/* Begin PBXBuildFile section */
		064C2E09DFB9AC538A1EE994 /* libPods-StayFit-StayFitUITests.a in Frameworks */ = {isa = PBXBuildFile; fileRef = C58CF4241D1D1703FB6BA444 /* libPods-StayFit-StayFitUITests.a */; };
		2166A9A42878EC0300359DA4 /* SignupViewController.m in Sources */ = {isa = PBXBuildFile; fileRef = 2166A9A32878EC0300359DA4 /* SignupViewController.m */; };
		21A4D6A0287CB390001FC7E9 /* ProfileViewController.m in Sources */ = {isa = PBXBuildFile; fileRef = 21A4D69F287CB390001FC7E9 /* ProfileViewController.m */; };
		21A4D6A3287CBE97001FC7E9 /* CommunityViewController.m in Sources */ = {isa = PBXBuildFile; fileRef = 21A4D6A2287CBE97001FC7E9 /* CommunityViewController.m */; };
		21A530A72878ABE300F2E9A7 /* AppDelegate.m in Sources */ = {isa = PBXBuildFile; fileRef = 21A530A62878ABE300F2E9A7 /* AppDelegate.m */; };
		21A530AA2878ABE300F2E9A7 /* SceneDelegate.m in Sources */ = {isa = PBXBuildFile; fileRef = 21A530A92878ABE300F2E9A7 /* SceneDelegate.m */; };
		21A530AD2878ABE300F2E9A7 /* ViewController.m in Sources */ = {isa = PBXBuildFile; fileRef = 21A530AC2878ABE300F2E9A7 /* ViewController.m */; };
		21A530B02878ABE300F2E9A7 /* Main.storyboard in Resources */ = {isa = PBXBuildFile; fileRef = 21A530AE2878ABE300F2E9A7 /* Main.storyboard */; };
		21A530B22878ABE400F2E9A7 /* Assets.xcassets in Resources */ = {isa = PBXBuildFile; fileRef = 21A530B12878ABE400F2E9A7 /* Assets.xcassets */; };
		21A530B52878ABE400F2E9A7 /* LaunchScreen.storyboard in Resources */ = {isa = PBXBuildFile; fileRef = 21A530B32878ABE400F2E9A7 /* LaunchScreen.storyboard */; };
		21A530B82878ABE400F2E9A7 /* main.m in Sources */ = {isa = PBXBuildFile; fileRef = 21A530B72878ABE400F2E9A7 /* main.m */; };
		21A530C22878ABE400F2E9A7 /* StayFitTests.m in Sources */ = {isa = PBXBuildFile; fileRef = 21A530C12878ABE400F2E9A7 /* StayFitTests.m */; };
		21A530CC2878ABE400F2E9A7 /* StayFitUITests.m in Sources */ = {isa = PBXBuildFile; fileRef = 21A530CB2878ABE400F2E9A7 /* StayFitUITests.m */; };
		21A530CE2878ABE400F2E9A7 /* StayFitUITestsLaunchTests.m in Sources */ = {isa = PBXBuildFile; fileRef = 21A530CD2878ABE400F2E9A7 /* StayFitUITestsLaunchTests.m */; };
		21A530DF2878B30400F2E9A7 /* LoginViewController.m in Sources */ = {isa = PBXBuildFile; fileRef = 21A530DE2878B30400F2E9A7 /* LoginViewController.m */; };
		28E1BB506377E109260B6946 /* libPods-StayFit.a in Frameworks */ = {isa = PBXBuildFile; fileRef = 37E9515A5A750C633A0284A1 /* libPods-StayFit.a */; };
		54A037C5257BE3C4E038F2F7 /* libPods-StayFitTests.a in Frameworks */ = {isa = PBXBuildFile; fileRef = 6DDD6F3D79CC28D1090D1260 /* libPods-StayFitTests.a */; };
/* End PBXBuildFile section */

/* Begin PBXContainerItemProxy section */
		21A530BE2878ABE400F2E9A7 /* PBXContainerItemProxy */ = {
			isa = PBXContainerItemProxy;
			containerPortal = 21A5309A2878ABE300F2E9A7 /* Project object */;
			proxyType = 1;
			remoteGlobalIDString = 21A530A12878ABE300F2E9A7;
			remoteInfo = StayFit;
		};
		21A530C82878ABE400F2E9A7 /* PBXContainerItemProxy */ = {
			isa = PBXContainerItemProxy;
			containerPortal = 21A5309A2878ABE300F2E9A7 /* Project object */;
			proxyType = 1;
			remoteGlobalIDString = 21A530A12878ABE300F2E9A7;
			remoteInfo = StayFit;
		};
/* End PBXContainerItemProxy section */

/* Begin PBXFileReference section */
		2166A9A22878EC0300359DA4 /* SignupViewController.h */ = {isa = PBXFileReference; lastKnownFileType = sourcecode.c.h; path = SignupViewController.h; sourceTree = "<group>"; };
		2166A9A32878EC0300359DA4 /* SignupViewController.m */ = {isa = PBXFileReference; lastKnownFileType = sourcecode.c.objc; path = SignupViewController.m; sourceTree = "<group>"; };
		21A4D69E287CB390001FC7E9 /* ProfileViewController.h */ = {isa = PBXFileReference; lastKnownFileType = sourcecode.c.h; path = ProfileViewController.h; sourceTree = "<group>"; };
		21A4D69F287CB390001FC7E9 /* ProfileViewController.m */ = {isa = PBXFileReference; lastKnownFileType = sourcecode.c.objc; path = ProfileViewController.m; sourceTree = "<group>"; };
		21A4D6A1287CBE97001FC7E9 /* CommunityViewController.h */ = {isa = PBXFileReference; lastKnownFileType = sourcecode.c.h; path = CommunityViewController.h; sourceTree = "<group>"; };
		21A4D6A2287CBE97001FC7E9 /* CommunityViewController.m */ = {isa = PBXFileReference; lastKnownFileType = sourcecode.c.objc; path = CommunityViewController.m; sourceTree = "<group>"; };
		21A530A22878ABE300F2E9A7 /* StayFit.app */ = {isa = PBXFileReference; explicitFileType = wrapper.application; includeInIndex = 0; path = StayFit.app; sourceTree = BUILT_PRODUCTS_DIR; };
		21A530A52878ABE300F2E9A7 /* AppDelegate.h */ = {isa = PBXFileReference; lastKnownFileType = sourcecode.c.h; path = AppDelegate.h; sourceTree = "<group>"; };
		21A530A62878ABE300F2E9A7 /* AppDelegate.m */ = {isa = PBXFileReference; lastKnownFileType = sourcecode.c.objc; path = AppDelegate.m; sourceTree = "<group>"; };
		21A530A82878ABE300F2E9A7 /* SceneDelegate.h */ = {isa = PBXFileReference; lastKnownFileType = sourcecode.c.h; path = SceneDelegate.h; sourceTree = "<group>"; };
		21A530A92878ABE300F2E9A7 /* SceneDelegate.m */ = {isa = PBXFileReference; lastKnownFileType = sourcecode.c.objc; path = SceneDelegate.m; sourceTree = "<group>"; };
		21A530AB2878ABE300F2E9A7 /* ViewController.h */ = {isa = PBXFileReference; lastKnownFileType = sourcecode.c.h; path = ViewController.h; sourceTree = "<group>"; };
		21A530AC2878ABE300F2E9A7 /* ViewController.m */ = {isa = PBXFileReference; lastKnownFileType = sourcecode.c.objc; path = ViewController.m; sourceTree = "<group>"; };
		21A530AF2878ABE300F2E9A7 /* Base */ = {isa = PBXFileReference; lastKnownFileType = file.storyboard; name = Base; path = Base.lproj/Main.storyboard; sourceTree = "<group>"; };
		21A530B12878ABE400F2E9A7 /* Assets.xcassets */ = {isa = PBXFileReference; lastKnownFileType = folder.assetcatalog; path = Assets.xcassets; sourceTree = "<group>"; };
		21A530B42878ABE400F2E9A7 /* Base */ = {isa = PBXFileReference; lastKnownFileType = file.storyboard; name = Base; path = Base.lproj/LaunchScreen.storyboard; sourceTree = "<group>"; };
		21A530B62878ABE400F2E9A7 /* Info.plist */ = {isa = PBXFileReference; lastKnownFileType = text.plist.xml; path = Info.plist; sourceTree = "<group>"; };
		21A530B72878ABE400F2E9A7 /* main.m */ = {isa = PBXFileReference; lastKnownFileType = sourcecode.c.objc; path = main.m; sourceTree = "<group>"; };
		21A530BD2878ABE400F2E9A7 /* StayFitTests.xctest */ = {isa = PBXFileReference; explicitFileType = wrapper.cfbundle; includeInIndex = 0; path = StayFitTests.xctest; sourceTree = BUILT_PRODUCTS_DIR; };
		21A530C12878ABE400F2E9A7 /* StayFitTests.m */ = {isa = PBXFileReference; lastKnownFileType = sourcecode.c.objc; path = StayFitTests.m; sourceTree = "<group>"; };
		21A530C72878ABE400F2E9A7 /* StayFitUITests.xctest */ = {isa = PBXFileReference; explicitFileType = wrapper.cfbundle; includeInIndex = 0; path = StayFitUITests.xctest; sourceTree = BUILT_PRODUCTS_DIR; };
		21A530CB2878ABE400F2E9A7 /* StayFitUITests.m */ = {isa = PBXFileReference; lastKnownFileType = sourcecode.c.objc; path = StayFitUITests.m; sourceTree = "<group>"; };
		21A530CD2878ABE400F2E9A7 /* StayFitUITestsLaunchTests.m */ = {isa = PBXFileReference; lastKnownFileType = sourcecode.c.objc; path = StayFitUITestsLaunchTests.m; sourceTree = "<group>"; };
		21A530DD2878B30400F2E9A7 /* LoginViewController.h */ = {isa = PBXFileReference; lastKnownFileType = sourcecode.c.h; path = LoginViewController.h; sourceTree = "<group>"; };
		21A530DE2878B30400F2E9A7 /* LoginViewController.m */ = {isa = PBXFileReference; lastKnownFileType = sourcecode.c.objc; path = LoginViewController.m; sourceTree = "<group>"; };
		37E9515A5A750C633A0284A1 /* libPods-StayFit.a */ = {isa = PBXFileReference; explicitFileType = archive.ar; includeInIndex = 0; path = "libPods-StayFit.a"; sourceTree = BUILT_PRODUCTS_DIR; };
		51BDAE4BFEF1D2771CA01CC5 /* Pods-StayFitTests.release.xcconfig */ = {isa = PBXFileReference; includeInIndex = 1; lastKnownFileType = text.xcconfig; name = "Pods-StayFitTests.release.xcconfig"; path = "Target Support Files/Pods-StayFitTests/Pods-StayFitTests.release.xcconfig"; sourceTree = "<group>"; };
		5DD465C256208D52E5EA85F9 /* Pods-StayFit-StayFitUITests.debug.xcconfig */ = {isa = PBXFileReference; includeInIndex = 1; lastKnownFileType = text.xcconfig; name = "Pods-StayFit-StayFitUITests.debug.xcconfig"; path = "Target Support Files/Pods-StayFit-StayFitUITests/Pods-StayFit-StayFitUITests.debug.xcconfig"; sourceTree = "<group>"; };
		6D3063F95DFA191A16EC7FAC /* Pods-StayFit.debug.xcconfig */ = {isa = PBXFileReference; includeInIndex = 1; lastKnownFileType = text.xcconfig; name = "Pods-StayFit.debug.xcconfig"; path = "Target Support Files/Pods-StayFit/Pods-StayFit.debug.xcconfig"; sourceTree = "<group>"; };
		6DDD6F3D79CC28D1090D1260 /* libPods-StayFitTests.a */ = {isa = PBXFileReference; explicitFileType = archive.ar; includeInIndex = 0; path = "libPods-StayFitTests.a"; sourceTree = BUILT_PRODUCTS_DIR; };
		72571411EDDABAFC114FA127 /* Pods-StayFit-StayFitUITests.release.xcconfig */ = {isa = PBXFileReference; includeInIndex = 1; lastKnownFileType = text.xcconfig; name = "Pods-StayFit-StayFitUITests.release.xcconfig"; path = "Target Support Files/Pods-StayFit-StayFitUITests/Pods-StayFit-StayFitUITests.release.xcconfig"; sourceTree = "<group>"; };
		C58CF4241D1D1703FB6BA444 /* libPods-StayFit-StayFitUITests.a */ = {isa = PBXFileReference; explicitFileType = archive.ar; includeInIndex = 0; path = "libPods-StayFit-StayFitUITests.a"; sourceTree = BUILT_PRODUCTS_DIR; };
		F103BD146D06AFEAD8A6701E /* Pods-StayFit.release.xcconfig */ = {isa = PBXFileReference; includeInIndex = 1; lastKnownFileType = text.xcconfig; name = "Pods-StayFit.release.xcconfig"; path = "Target Support Files/Pods-StayFit/Pods-StayFit.release.xcconfig"; sourceTree = "<group>"; };
		F15D5EEF81FECC4368FF7B81 /* Pods-StayFitTests.debug.xcconfig */ = {isa = PBXFileReference; includeInIndex = 1; lastKnownFileType = text.xcconfig; name = "Pods-StayFitTests.debug.xcconfig"; path = "Target Support Files/Pods-StayFitTests/Pods-StayFitTests.debug.xcconfig"; sourceTree = "<group>"; };
/* End PBXFileReference section */

/* Begin PBXFrameworksBuildPhase section */
		21A5309F2878ABE300F2E9A7 /* Frameworks */ = {
			isa = PBXFrameworksBuildPhase;
			buildActionMask = 2147483647;
			files = (
				28E1BB506377E109260B6946 /* libPods-StayFit.a in Frameworks */,
			);
			runOnlyForDeploymentPostprocessing = 0;
		};
		21A530BA2878ABE400F2E9A7 /* Frameworks */ = {
			isa = PBXFrameworksBuildPhase;
			buildActionMask = 2147483647;
			files = (
				54A037C5257BE3C4E038F2F7 /* libPods-StayFitTests.a in Frameworks */,
			);
			runOnlyForDeploymentPostprocessing = 0;
		};
		21A530C42878ABE400F2E9A7 /* Frameworks */ = {
			isa = PBXFrameworksBuildPhase;
			buildActionMask = 2147483647;
			files = (
				064C2E09DFB9AC538A1EE994 /* libPods-StayFit-StayFitUITests.a in Frameworks */,
			);
			runOnlyForDeploymentPostprocessing = 0;
		};
/* End PBXFrameworksBuildPhase section */

/* Begin PBXGroup section */
		21A530992878ABE300F2E9A7 = {
			isa = PBXGroup;
			children = (
				21A530A42878ABE300F2E9A7 /* StayFit */,
				21A530C02878ABE400F2E9A7 /* StayFitTests */,
				21A530CA2878ABE400F2E9A7 /* StayFitUITests */,
				21A530A32878ABE300F2E9A7 /* Products */,
				77479057DCCB66F8FC88BCD7 /* Pods */,
				5BDDF623D6B91C9826F811B8 /* Frameworks */,
			);
			sourceTree = "<group>";
		};
		21A530A32878ABE300F2E9A7 /* Products */ = {
			isa = PBXGroup;
			children = (
				21A530A22878ABE300F2E9A7 /* StayFit.app */,
				21A530BD2878ABE400F2E9A7 /* StayFitTests.xctest */,
				21A530C72878ABE400F2E9A7 /* StayFitUITests.xctest */,
			);
			name = Products;
			sourceTree = "<group>";
		};
		21A530A42878ABE300F2E9A7 /* StayFit */ = {
			isa = PBXGroup;
			children = (
				21A530A52878ABE300F2E9A7 /* AppDelegate.h */,
				21A530A62878ABE300F2E9A7 /* AppDelegate.m */,
				21A530A82878ABE300F2E9A7 /* SceneDelegate.h */,
				21A530A92878ABE300F2E9A7 /* SceneDelegate.m */,
				21A530AB2878ABE300F2E9A7 /* ViewController.h */,
				21A530AC2878ABE300F2E9A7 /* ViewController.m */,
				21A530AE2878ABE300F2E9A7 /* Main.storyboard */,
				21A530DD2878B30400F2E9A7 /* LoginViewController.h */,
				21A530DE2878B30400F2E9A7 /* LoginViewController.m */,
				21A4D6A1287CBE97001FC7E9 /* CommunityViewController.h */,
				21A4D6A2287CBE97001FC7E9 /* CommunityViewController.m */,
				2166A9A22878EC0300359DA4 /* SignupViewController.h */,
				2166A9A32878EC0300359DA4 /* SignupViewController.m */,
				21A4D69E287CB390001FC7E9 /* ProfileViewController.h */,
				21A4D69F287CB390001FC7E9 /* ProfileViewController.m */,
				21A530B12878ABE400F2E9A7 /* Assets.xcassets */,
				21A530B32878ABE400F2E9A7 /* LaunchScreen.storyboard */,
				21A530B62878ABE400F2E9A7 /* Info.plist */,
				21A530B72878ABE400F2E9A7 /* main.m */,
			);
			path = StayFit;
			sourceTree = "<group>";
		};
		21A530C02878ABE400F2E9A7 /* StayFitTests */ = {
			isa = PBXGroup;
			children = (
				21A530C12878ABE400F2E9A7 /* StayFitTests.m */,
			);
			path = StayFitTests;
			sourceTree = "<group>";
		};
		21A530CA2878ABE400F2E9A7 /* StayFitUITests */ = {
			isa = PBXGroup;
			children = (
				21A530CB2878ABE400F2E9A7 /* StayFitUITests.m */,
				21A530CD2878ABE400F2E9A7 /* StayFitUITestsLaunchTests.m */,
			);
			path = StayFitUITests;
			sourceTree = "<group>";
		};
		5BDDF623D6B91C9826F811B8 /* Frameworks */ = {
			isa = PBXGroup;
			children = (
				37E9515A5A750C633A0284A1 /* libPods-StayFit.a */,
				C58CF4241D1D1703FB6BA444 /* libPods-StayFit-StayFitUITests.a */,
				6DDD6F3D79CC28D1090D1260 /* libPods-StayFitTests.a */,
			);
			name = Frameworks;
			sourceTree = "<group>";
		};
		77479057DCCB66F8FC88BCD7 /* Pods */ = {
			isa = PBXGroup;
			children = (
				6D3063F95DFA191A16EC7FAC /* Pods-StayFit.debug.xcconfig */,
				F103BD146D06AFEAD8A6701E /* Pods-StayFit.release.xcconfig */,
				5DD465C256208D52E5EA85F9 /* Pods-StayFit-StayFitUITests.debug.xcconfig */,
				72571411EDDABAFC114FA127 /* Pods-StayFit-StayFitUITests.release.xcconfig */,
				F15D5EEF81FECC4368FF7B81 /* Pods-StayFitTests.debug.xcconfig */,
				51BDAE4BFEF1D2771CA01CC5 /* Pods-StayFitTests.release.xcconfig */,
			);
			path = Pods;
			sourceTree = "<group>";
		};
/* End PBXGroup section */

/* Begin PBXNativeTarget section */
		21A530A12878ABE300F2E9A7 /* StayFit */ = {
			isa = PBXNativeTarget;
			buildConfigurationList = 21A530D12878ABE400F2E9A7 /* Build configuration list for PBXNativeTarget "StayFit" */;
			buildPhases = (
				F43E89FF631AA9C45F126AFD /* [CP] Check Pods Manifest.lock */,
				21A5309E2878ABE300F2E9A7 /* Sources */,
				21A5309F2878ABE300F2E9A7 /* Frameworks */,
				21A530A02878ABE300F2E9A7 /* Resources */,
				C29959BFDFB9D608D9CCFCAD /* [CP] Copy Pods Resources */,
			);
			buildRules = (
			);
			dependencies = (
			);
			name = StayFit;
			productName = StayFit;
			productReference = 21A530A22878ABE300F2E9A7 /* StayFit.app */;
			productType = "com.apple.product-type.application";
		};
		21A530BC2878ABE400F2E9A7 /* StayFitTests */ = {
			isa = PBXNativeTarget;
			buildConfigurationList = 21A530D42878ABE400F2E9A7 /* Build configuration list for PBXNativeTarget "StayFitTests" */;
			buildPhases = (
				BF367A7F8632B6D196364998 /* [CP] Check Pods Manifest.lock */,
				21A530B92878ABE400F2E9A7 /* Sources */,
				21A530BA2878ABE400F2E9A7 /* Frameworks */,
				21A530BB2878ABE400F2E9A7 /* Resources */,
			);
			buildRules = (
			);
			dependencies = (
				21A530BF2878ABE400F2E9A7 /* PBXTargetDependency */,
			);
			name = StayFitTests;
			productName = StayFitTests;
			productReference = 21A530BD2878ABE400F2E9A7 /* StayFitTests.xctest */;
			productType = "com.apple.product-type.bundle.unit-test";
		};
		21A530C62878ABE400F2E9A7 /* StayFitUITests */ = {
			isa = PBXNativeTarget;
			buildConfigurationList = 21A530D72878ABE400F2E9A7 /* Build configuration list for PBXNativeTarget "StayFitUITests" */;
			buildPhases = (
				023B2507E3C9F01CAD1796F1 /* [CP] Check Pods Manifest.lock */,
				21A530C32878ABE400F2E9A7 /* Sources */,
				21A530C42878ABE400F2E9A7 /* Frameworks */,
				21A530C52878ABE400F2E9A7 /* Resources */,
				1CD27E496445851C37D18AE5 /* [CP] Copy Pods Resources */,
			);
			buildRules = (
			);
			dependencies = (
				21A530C92878ABE400F2E9A7 /* PBXTargetDependency */,
			);
			name = StayFitUITests;
			productName = StayFitUITests;
			productReference = 21A530C72878ABE400F2E9A7 /* StayFitUITests.xctest */;
			productType = "com.apple.product-type.bundle.ui-testing";
		};
/* End PBXNativeTarget section */

/* Begin PBXProject section */
		21A5309A2878ABE300F2E9A7 /* Project object */ = {
			isa = PBXProject;
			attributes = {
				BuildIndependentTargetsInParallel = 1;
				LastUpgradeCheck = 1340;
				TargetAttributes = {
					21A530A12878ABE300F2E9A7 = {
						CreatedOnToolsVersion = 13.4;
					};
					21A530BC2878ABE400F2E9A7 = {
						CreatedOnToolsVersion = 13.4;
						TestTargetID = 21A530A12878ABE300F2E9A7;
					};
					21A530C62878ABE400F2E9A7 = {
						CreatedOnToolsVersion = 13.4;
						TestTargetID = 21A530A12878ABE300F2E9A7;
					};
				};
			};
			buildConfigurationList = 21A5309D2878ABE300F2E9A7 /* Build configuration list for PBXProject "StayFit" */;
			compatibilityVersion = "Xcode 13.0";
			developmentRegion = en;
			hasScannedForEncodings = 0;
			knownRegions = (
				en,
				Base,
			);
			mainGroup = 21A530992878ABE300F2E9A7;
			productRefGroup = 21A530A32878ABE300F2E9A7 /* Products */;
			projectDirPath = "";
			projectRoot = "";
			targets = (
				21A530A12878ABE300F2E9A7 /* StayFit */,
				21A530BC2878ABE400F2E9A7 /* StayFitTests */,
				21A530C62878ABE400F2E9A7 /* StayFitUITests */,
			);
		};
/* End PBXProject section */

/* Begin PBXResourcesBuildPhase section */
		21A530A02878ABE300F2E9A7 /* Resources */ = {
			isa = PBXResourcesBuildPhase;
			buildActionMask = 2147483647;
			files = (
				21A530B52878ABE400F2E9A7 /* LaunchScreen.storyboard in Resources */,
				21A530B22878ABE400F2E9A7 /* Assets.xcassets in Resources */,
				21A530B02878ABE300F2E9A7 /* Main.storyboard in Resources */,
			);
			runOnlyForDeploymentPostprocessing = 0;
		};
		21A530BB2878ABE400F2E9A7 /* Resources */ = {
			isa = PBXResourcesBuildPhase;
			buildActionMask = 2147483647;
			files = (
			);
			runOnlyForDeploymentPostprocessing = 0;
		};
		21A530C52878ABE400F2E9A7 /* Resources */ = {
			isa = PBXResourcesBuildPhase;
			buildActionMask = 2147483647;
			files = (
			);
			runOnlyForDeploymentPostprocessing = 0;
		};
/* End PBXResourcesBuildPhase section */

/* Begin PBXShellScriptBuildPhase section */
		023B2507E3C9F01CAD1796F1 /* [CP] Check Pods Manifest.lock */ = {
			isa = PBXShellScriptBuildPhase;
			buildActionMask = 2147483647;
			files = (
			);
			inputFileListPaths = (
			);
			inputPaths = (
				"${PODS_PODFILE_DIR_PATH}/Podfile.lock",
				"${PODS_ROOT}/Manifest.lock",
			);
			name = "[CP] Check Pods Manifest.lock";
			outputFileListPaths = (
			);
			outputPaths = (
				"$(DERIVED_FILE_DIR)/Pods-StayFit-StayFitUITests-checkManifestLockResult.txt",
			);
			runOnlyForDeploymentPostprocessing = 0;
			shellPath = /bin/sh;
			shellScript = "diff \"${PODS_PODFILE_DIR_PATH}/Podfile.lock\" \"${PODS_ROOT}/Manifest.lock\" > /dev/null\nif [ $? != 0 ] ; then\n    # print error to STDERR\n    echo \"error: The sandbox is not in sync with the Podfile.lock. Run 'pod install' or update your CocoaPods installation.\" >&2\n    exit 1\nfi\n# This output is used by Xcode 'outputs' to avoid re-running this script phase.\necho \"SUCCESS\" > \"${SCRIPT_OUTPUT_FILE_0}\"\n";
			showEnvVarsInLog = 0;
		};
		1CD27E496445851C37D18AE5 /* [CP] Copy Pods Resources */ = {
			isa = PBXShellScriptBuildPhase;
			buildActionMask = 2147483647;
			files = (
			);
			inputFileListPaths = (
				"${PODS_ROOT}/Target Support Files/Pods-StayFit-StayFitUITests/Pods-StayFit-StayFitUITests-resources-${CONFIGURATION}-input-files.xcfilelist",
			);
			name = "[CP] Copy Pods Resources";
			outputFileListPaths = (
				"${PODS_ROOT}/Target Support Files/Pods-StayFit-StayFitUITests/Pods-StayFit-StayFitUITests-resources-${CONFIGURATION}-output-files.xcfilelist",
			);
			runOnlyForDeploymentPostprocessing = 0;
			shellPath = /bin/sh;
			shellScript = "\"${PODS_ROOT}/Target Support Files/Pods-StayFit-StayFitUITests/Pods-StayFit-StayFitUITests-resources.sh\"\n";
			showEnvVarsInLog = 0;
		};
		BF367A7F8632B6D196364998 /* [CP] Check Pods Manifest.lock */ = {
			isa = PBXShellScriptBuildPhase;
			buildActionMask = 2147483647;
			files = (
			);
			inputFileListPaths = (
			);
			inputPaths = (
				"${PODS_PODFILE_DIR_PATH}/Podfile.lock",
				"${PODS_ROOT}/Manifest.lock",
			);
			name = "[CP] Check Pods Manifest.lock";
			outputFileListPaths = (
			);
			outputPaths = (
				"$(DERIVED_FILE_DIR)/Pods-StayFitTests-checkManifestLockResult.txt",
			);
			runOnlyForDeploymentPostprocessing = 0;
			shellPath = /bin/sh;
			shellScript = "diff \"${PODS_PODFILE_DIR_PATH}/Podfile.lock\" \"${PODS_ROOT}/Manifest.lock\" > /dev/null\nif [ $? != 0 ] ; then\n    # print error to STDERR\n    echo \"error: The sandbox is not in sync with the Podfile.lock. Run 'pod install' or update your CocoaPods installation.\" >&2\n    exit 1\nfi\n# This output is used by Xcode 'outputs' to avoid re-running this script phase.\necho \"SUCCESS\" > \"${SCRIPT_OUTPUT_FILE_0}\"\n";
			showEnvVarsInLog = 0;
		};
		C29959BFDFB9D608D9CCFCAD /* [CP] Copy Pods Resources */ = {
			isa = PBXShellScriptBuildPhase;
			buildActionMask = 2147483647;
			files = (
			);
			inputFileListPaths = (
				"${PODS_ROOT}/Target Support Files/Pods-StayFit/Pods-StayFit-resources-${CONFIGURATION}-input-files.xcfilelist",
			);
			name = "[CP] Copy Pods Resources";
			outputFileListPaths = (
				"${PODS_ROOT}/Target Support Files/Pods-StayFit/Pods-StayFit-resources-${CONFIGURATION}-output-files.xcfilelist",
			);
			runOnlyForDeploymentPostprocessing = 0;
			shellPath = /bin/sh;
			shellScript = "\"${PODS_ROOT}/Target Support Files/Pods-StayFit/Pods-StayFit-resources.sh\"\n";
			showEnvVarsInLog = 0;
		};
		F43E89FF631AA9C45F126AFD /* [CP] Check Pods Manifest.lock */ = {
			isa = PBXShellScriptBuildPhase;
			buildActionMask = 2147483647;
			files = (
			);
			inputFileListPaths = (
			);
			inputPaths = (
				"${PODS_PODFILE_DIR_PATH}/Podfile.lock",
				"${PODS_ROOT}/Manifest.lock",
			);
			name = "[CP] Check Pods Manifest.lock";
			outputFileListPaths = (
			);
			outputPaths = (
				"$(DERIVED_FILE_DIR)/Pods-StayFit-checkManifestLockResult.txt",
			);
			runOnlyForDeploymentPostprocessing = 0;
			shellPath = /bin/sh;
			shellScript = "diff \"${PODS_PODFILE_DIR_PATH}/Podfile.lock\" \"${PODS_ROOT}/Manifest.lock\" > /dev/null\nif [ $? != 0 ] ; then\n    # print error to STDERR\n    echo \"error: The sandbox is not in sync with the Podfile.lock. Run 'pod install' or update your CocoaPods installation.\" >&2\n    exit 1\nfi\n# This output is used by Xcode 'outputs' to avoid re-running this script phase.\necho \"SUCCESS\" > \"${SCRIPT_OUTPUT_FILE_0}\"\n";
			showEnvVarsInLog = 0;
		};
/* End PBXShellScriptBuildPhase section */

/* Begin PBXSourcesBuildPhase section */
		21A5309E2878ABE300F2E9A7 /* Sources */ = {
			isa = PBXSourcesBuildPhase;
			buildActionMask = 2147483647;
			files = (
				21A4D6A3287CBE97001FC7E9 /* CommunityViewController.m in Sources */,
				2166A9A42878EC0300359DA4 /* SignupViewController.m in Sources */,
				21A530AD2878ABE300F2E9A7 /* ViewController.m in Sources */,
				21A530A72878ABE300F2E9A7 /* AppDelegate.m in Sources */,
				21A530B82878ABE400F2E9A7 /* main.m in Sources */,
				21A4D6A0287CB390001FC7E9 /* ProfileViewController.m in Sources */,
				21A530AA2878ABE300F2E9A7 /* SceneDelegate.m in Sources */,
				21A530DF2878B30400F2E9A7 /* LoginViewController.m in Sources */,
			);
			runOnlyForDeploymentPostprocessing = 0;
		};
		21A530B92878ABE400F2E9A7 /* Sources */ = {
			isa = PBXSourcesBuildPhase;
			buildActionMask = 2147483647;
			files = (
				21A530C22878ABE400F2E9A7 /* StayFitTests.m in Sources */,
			);
			runOnlyForDeploymentPostprocessing = 0;
		};
		21A530C32878ABE400F2E9A7 /* Sources */ = {
			isa = PBXSourcesBuildPhase;
			buildActionMask = 2147483647;
			files = (
				21A530CC2878ABE400F2E9A7 /* StayFitUITests.m in Sources */,
				21A530CE2878ABE400F2E9A7 /* StayFitUITestsLaunchTests.m in Sources */,
			);
			runOnlyForDeploymentPostprocessing = 0;
		};
/* End PBXSourcesBuildPhase section */

/* Begin PBXTargetDependency section */
		21A530BF2878ABE400F2E9A7 /* PBXTargetDependency */ = {
			isa = PBXTargetDependency;
			target = 21A530A12878ABE300F2E9A7 /* StayFit */;
			targetProxy = 21A530BE2878ABE400F2E9A7 /* PBXContainerItemProxy */;
		};
		21A530C92878ABE400F2E9A7 /* PBXTargetDependency */ = {
			isa = PBXTargetDependency;
			target = 21A530A12878ABE300F2E9A7 /* StayFit */;
			targetProxy = 21A530C82878ABE400F2E9A7 /* PBXContainerItemProxy */;
		};
/* End PBXTargetDependency section */

/* Begin PBXVariantGroup section */
		21A530AE2878ABE300F2E9A7 /* Main.storyboard */ = {
			isa = PBXVariantGroup;
			children = (
				21A530AF2878ABE300F2E9A7 /* Base */,
			);
			name = Main.storyboard;
			sourceTree = "<group>";
		};
		21A530B32878ABE400F2E9A7 /* LaunchScreen.storyboard */ = {
			isa = PBXVariantGroup;
			children = (
				21A530B42878ABE400F2E9A7 /* Base */,
			);
			name = LaunchScreen.storyboard;
			sourceTree = "<group>";
		};
/* End PBXVariantGroup section */

/* Begin XCBuildConfiguration section */
		21A530CF2878ABE400F2E9A7 /* Debug */ = {
			isa = XCBuildConfiguration;
			buildSettings = {
				ALWAYS_SEARCH_USER_PATHS = NO;
				CLANG_ANALYZER_NONNULL = YES;
				CLANG_ANALYZER_NUMBER_OBJECT_CONVERSION = YES_AGGRESSIVE;
				CLANG_CXX_LANGUAGE_STANDARD = "gnu++17";
				CLANG_ENABLE_MODULES = YES;
				CLANG_ENABLE_OBJC_ARC = YES;
				CLANG_ENABLE_OBJC_WEAK = YES;
				CLANG_WARN_BLOCK_CAPTURE_AUTORELEASING = YES;
				CLANG_WARN_BOOL_CONVERSION = YES;
				CLANG_WARN_COMMA = YES;
				CLANG_WARN_CONSTANT_CONVERSION = YES;
				CLANG_WARN_DEPRECATED_OBJC_IMPLEMENTATIONS = YES;
				CLANG_WARN_DIRECT_OBJC_ISA_USAGE = YES_ERROR;
				CLANG_WARN_DOCUMENTATION_COMMENTS = YES;
				CLANG_WARN_EMPTY_BODY = YES;
				CLANG_WARN_ENUM_CONVERSION = YES;
				CLANG_WARN_INFINITE_RECURSION = YES;
				CLANG_WARN_INT_CONVERSION = YES;
				CLANG_WARN_NON_LITERAL_NULL_CONVERSION = YES;
				CLANG_WARN_OBJC_IMPLICIT_RETAIN_SELF = YES;
				CLANG_WARN_OBJC_LITERAL_CONVERSION = YES;
				CLANG_WARN_OBJC_ROOT_CLASS = YES_ERROR;
				CLANG_WARN_QUOTED_INCLUDE_IN_FRAMEWORK_HEADER = YES;
				CLANG_WARN_RANGE_LOOP_ANALYSIS = YES;
				CLANG_WARN_STRICT_PROTOTYPES = YES;
				CLANG_WARN_SUSPICIOUS_MOVE = YES;
				CLANG_WARN_UNGUARDED_AVAILABILITY = YES_AGGRESSIVE;
				CLANG_WARN_UNREACHABLE_CODE = YES;
				CLANG_WARN__DUPLICATE_METHOD_MATCH = YES;
				COPY_PHASE_STRIP = NO;
				DEBUG_INFORMATION_FORMAT = dwarf;
				ENABLE_STRICT_OBJC_MSGSEND = YES;
				ENABLE_TESTABILITY = YES;
				GCC_C_LANGUAGE_STANDARD = gnu11;
				GCC_DYNAMIC_NO_PIC = NO;
				GCC_NO_COMMON_BLOCKS = YES;
				GCC_OPTIMIZATION_LEVEL = 0;
				GCC_PREPROCESSOR_DEFINITIONS = (
					"DEBUG=1",
					"$(inherited)",
				);
				GCC_WARN_64_TO_32_BIT_CONVERSION = YES;
				GCC_WARN_ABOUT_RETURN_TYPE = YES_ERROR;
				GCC_WARN_UNDECLARED_SELECTOR = YES;
				GCC_WARN_UNINITIALIZED_AUTOS = YES_AGGRESSIVE;
				GCC_WARN_UNUSED_FUNCTION = YES;
				GCC_WARN_UNUSED_VARIABLE = YES;
				IPHONEOS_DEPLOYMENT_TARGET = 15.5;
				MTL_ENABLE_DEBUG_INFO = INCLUDE_SOURCE;
				MTL_FAST_MATH = YES;
				ONLY_ACTIVE_ARCH = YES;
				SDKROOT = iphoneos;
			};
			name = Debug;
		};
		21A530D02878ABE400F2E9A7 /* Release */ = {
			isa = XCBuildConfiguration;
			buildSettings = {
				ALWAYS_SEARCH_USER_PATHS = NO;
				CLANG_ANALYZER_NONNULL = YES;
				CLANG_ANALYZER_NUMBER_OBJECT_CONVERSION = YES_AGGRESSIVE;
				CLANG_CXX_LANGUAGE_STANDARD = "gnu++17";
				CLANG_ENABLE_MODULES = YES;
				CLANG_ENABLE_OBJC_ARC = YES;
				CLANG_ENABLE_OBJC_WEAK = YES;
				CLANG_WARN_BLOCK_CAPTURE_AUTORELEASING = YES;
				CLANG_WARN_BOOL_CONVERSION = YES;
				CLANG_WARN_COMMA = YES;
				CLANG_WARN_CONSTANT_CONVERSION = YES;
				CLANG_WARN_DEPRECATED_OBJC_IMPLEMENTATIONS = YES;
				CLANG_WARN_DIRECT_OBJC_ISA_USAGE = YES_ERROR;
				CLANG_WARN_DOCUMENTATION_COMMENTS = YES;
				CLANG_WARN_EMPTY_BODY = YES;
				CLANG_WARN_ENUM_CONVERSION = YES;
				CLANG_WARN_INFINITE_RECURSION = YES;
				CLANG_WARN_INT_CONVERSION = YES;
				CLANG_WARN_NON_LITERAL_NULL_CONVERSION = YES;
				CLANG_WARN_OBJC_IMPLICIT_RETAIN_SELF = YES;
				CLANG_WARN_OBJC_LITERAL_CONVERSION = YES;
				CLANG_WARN_OBJC_ROOT_CLASS = YES_ERROR;
				CLANG_WARN_QUOTED_INCLUDE_IN_FRAMEWORK_HEADER = YES;
				CLANG_WARN_RANGE_LOOP_ANALYSIS = YES;
				CLANG_WARN_STRICT_PROTOTYPES = YES;
				CLANG_WARN_SUSPICIOUS_MOVE = YES;
				CLANG_WARN_UNGUARDED_AVAILABILITY = YES_AGGRESSIVE;
				CLANG_WARN_UNREACHABLE_CODE = YES;
				CLANG_WARN__DUPLICATE_METHOD_MATCH = YES;
				COPY_PHASE_STRIP = NO;
				DEBUG_INFORMATION_FORMAT = "dwarf-with-dsym";
				ENABLE_NS_ASSERTIONS = NO;
				ENABLE_STRICT_OBJC_MSGSEND = YES;
				GCC_C_LANGUAGE_STANDARD = gnu11;
				GCC_NO_COMMON_BLOCKS = YES;
				GCC_WARN_64_TO_32_BIT_CONVERSION = YES;
				GCC_WARN_ABOUT_RETURN_TYPE = YES_ERROR;
				GCC_WARN_UNDECLARED_SELECTOR = YES;
				GCC_WARN_UNINITIALIZED_AUTOS = YES_AGGRESSIVE;
				GCC_WARN_UNUSED_FUNCTION = YES;
				GCC_WARN_UNUSED_VARIABLE = YES;
				IPHONEOS_DEPLOYMENT_TARGET = 15.5;
				MTL_ENABLE_DEBUG_INFO = NO;
				MTL_FAST_MATH = YES;
				SDKROOT = iphoneos;
				VALIDATE_PRODUCT = YES;
			};
			name = Release;
		};
		21A530D22878ABE400F2E9A7 /* Debug */ = {
			isa = XCBuildConfiguration;
			baseConfigurationReference = 6D3063F95DFA191A16EC7FAC /* Pods-StayFit.debug.xcconfig */;
			buildSettings = {
				ASSETCATALOG_COMPILER_APPICON_NAME = AppIcon;
				ASSETCATALOG_COMPILER_GLOBAL_ACCENT_COLOR_NAME = AccentColor;
				CODE_SIGN_STYLE = Automatic;
				CURRENT_PROJECT_VERSION = 1;
				DEVELOPMENT_TEAM = 3KB9CYZ548;
				GENERATE_INFOPLIST_FILE = YES;
				INFOPLIST_FILE = StayFit/Info.plist;
				INFOPLIST_KEY_UIApplicationSupportsIndirectInputEvents = YES;
				INFOPLIST_KEY_UILaunchStoryboardName = LaunchScreen;
				INFOPLIST_KEY_UIMainStoryboardFile = Main;
				INFOPLIST_KEY_UISupportedInterfaceOrientations_iPad = "UIInterfaceOrientationPortrait UIInterfaceOrientationPortraitUpsideDown UIInterfaceOrientationLandscapeLeft UIInterfaceOrientationLandscapeRight";
				INFOPLIST_KEY_UISupportedInterfaceOrientations_iPhone = "UIInterfaceOrientationPortrait UIInterfaceOrientationLandscapeLeft UIInterfaceOrientationLandscapeRight";
				LD_RUNPATH_SEARCH_PATHS = (
					"$(inherited)",
					"@executable_path/Frameworks",
				);
				MARKETING_VERSION = 1.0;
				PRODUCT_BUNDLE_IDENTIFIER = com.nikitaag.StayFit;
				PRODUCT_NAME = "$(TARGET_NAME)";
				SWIFT_EMIT_LOC_STRINGS = YES;
				TARGETED_DEVICE_FAMILY = "1,2";
			};
			name = Debug;
		};
		21A530D32878ABE400F2E9A7 /* Release */ = {
			isa = XCBuildConfiguration;
			baseConfigurationReference = F103BD146D06AFEAD8A6701E /* Pods-StayFit.release.xcconfig */;
			buildSettings = {
				ASSETCATALOG_COMPILER_APPICON_NAME = AppIcon;
				ASSETCATALOG_COMPILER_GLOBAL_ACCENT_COLOR_NAME = AccentColor;
				CODE_SIGN_STYLE = Automatic;
				CURRENT_PROJECT_VERSION = 1;
				DEVELOPMENT_TEAM = 3KB9CYZ548;
				GENERATE_INFOPLIST_FILE = YES;
				INFOPLIST_FILE = StayFit/Info.plist;
				INFOPLIST_KEY_UIApplicationSupportsIndirectInputEvents = YES;
				INFOPLIST_KEY_UILaunchStoryboardName = LaunchScreen;
				INFOPLIST_KEY_UIMainStoryboardFile = Main;
				INFOPLIST_KEY_UISupportedInterfaceOrientations_iPad = "UIInterfaceOrientationPortrait UIInterfaceOrientationPortraitUpsideDown UIInterfaceOrientationLandscapeLeft UIInterfaceOrientationLandscapeRight";
				INFOPLIST_KEY_UISupportedInterfaceOrientations_iPhone = "UIInterfaceOrientationPortrait UIInterfaceOrientationLandscapeLeft UIInterfaceOrientationLandscapeRight";
				LD_RUNPATH_SEARCH_PATHS = (
					"$(inherited)",
					"@executable_path/Frameworks",
				);
				MARKETING_VERSION = 1.0;
				PRODUCT_BUNDLE_IDENTIFIER = com.nikitaag.StayFit;
				PRODUCT_NAME = "$(TARGET_NAME)";
				SWIFT_EMIT_LOC_STRINGS = YES;
				TARGETED_DEVICE_FAMILY = "1,2";
			};
			name = Release;
		};
		21A530D52878ABE400F2E9A7 /* Debug */ = {
			isa = XCBuildConfiguration;
			baseConfigurationReference = F15D5EEF81FECC4368FF7B81 /* Pods-StayFitTests.debug.xcconfig */;
			buildSettings = {
				BUNDLE_LOADER = "$(TEST_HOST)";
				CODE_SIGN_STYLE = Automatic;
				CURRENT_PROJECT_VERSION = 1;
				GENERATE_INFOPLIST_FILE = YES;
				IPHONEOS_DEPLOYMENT_TARGET = 15.5;
				MARKETING_VERSION = 1.0;
				PRODUCT_BUNDLE_IDENTIFIER = com.nikitaag.StayFitTests;
				PRODUCT_NAME = "$(TARGET_NAME)";
				SWIFT_EMIT_LOC_STRINGS = NO;
				TARGETED_DEVICE_FAMILY = "1,2";
				TEST_HOST = "$(BUILT_PRODUCTS_DIR)/StayFit.app/StayFit";
			};
			name = Debug;
		};
		21A530D62878ABE400F2E9A7 /* Release */ = {
			isa = XCBuildConfiguration;
			baseConfigurationReference = 51BDAE4BFEF1D2771CA01CC5 /* Pods-StayFitTests.release.xcconfig */;
			buildSettings = {
				BUNDLE_LOADER = "$(TEST_HOST)";
				CODE_SIGN_STYLE = Automatic;
				CURRENT_PROJECT_VERSION = 1;
				GENERATE_INFOPLIST_FILE = YES;
				IPHONEOS_DEPLOYMENT_TARGET = 15.5;
				MARKETING_VERSION = 1.0;
				PRODUCT_BUNDLE_IDENTIFIER = com.nikitaag.StayFitTests;
				PRODUCT_NAME = "$(TARGET_NAME)";
				SWIFT_EMIT_LOC_STRINGS = NO;
				TARGETED_DEVICE_FAMILY = "1,2";
				TEST_HOST = "$(BUILT_PRODUCTS_DIR)/StayFit.app/StayFit";
			};
			name = Release;
		};
		21A530D82878ABE400F2E9A7 /* Debug */ = {
			isa = XCBuildConfiguration;
			baseConfigurationReference = 5DD465C256208D52E5EA85F9 /* Pods-StayFit-StayFitUITests.debug.xcconfig */;
			buildSettings = {
				CODE_SIGN_STYLE = Automatic;
				CURRENT_PROJECT_VERSION = 1;
				GENERATE_INFOPLIST_FILE = YES;
				MARKETING_VERSION = 1.0;
				PRODUCT_BUNDLE_IDENTIFIER = com.nikitaag.StayFitUITests;
				PRODUCT_NAME = "$(TARGET_NAME)";
				SWIFT_EMIT_LOC_STRINGS = NO;
				TARGETED_DEVICE_FAMILY = "1,2";
				TEST_TARGET_NAME = StayFit;
			};
			name = Debug;
		};
		21A530D92878ABE400F2E9A7 /* Release */ = {
			isa = XCBuildConfiguration;
			baseConfigurationReference = 72571411EDDABAFC114FA127 /* Pods-StayFit-StayFitUITests.release.xcconfig */;
			buildSettings = {
				CODE_SIGN_STYLE = Automatic;
				CURRENT_PROJECT_VERSION = 1;
				GENERATE_INFOPLIST_FILE = YES;
				MARKETING_VERSION = 1.0;
				PRODUCT_BUNDLE_IDENTIFIER = com.nikitaag.StayFitUITests;
				PRODUCT_NAME = "$(TARGET_NAME)";
				SWIFT_EMIT_LOC_STRINGS = NO;
				TARGETED_DEVICE_FAMILY = "1,2";
				TEST_TARGET_NAME = StayFit;
			};
			name = Release;
		};
/* End XCBuildConfiguration section */

/* Begin XCConfigurationList section */
		21A5309D2878ABE300F2E9A7 /* Build configuration list for PBXProject "StayFit" */ = {
			isa = XCConfigurationList;
			buildConfigurations = (
				21A530CF2878ABE400F2E9A7 /* Debug */,
				21A530D02878ABE400F2E9A7 /* Release */,
			);
			defaultConfigurationIsVisible = 0;
			defaultConfigurationName = Release;
		};
		21A530D12878ABE400F2E9A7 /* Build configuration list for PBXNativeTarget "StayFit" */ = {
			isa = XCConfigurationList;
			buildConfigurations = (
				21A530D22878ABE400F2E9A7 /* Debug */,
				21A530D32878ABE400F2E9A7 /* Release */,
			);
			defaultConfigurationIsVisible = 0;
			defaultConfigurationName = Release;
		};
		21A530D42878ABE400F2E9A7 /* Build configuration list for PBXNativeTarget "StayFitTests" */ = {
			isa = XCConfigurationList;
			buildConfigurations = (
				21A530D52878ABE400F2E9A7 /* Debug */,
				21A530D62878ABE400F2E9A7 /* Release */,
			);
			defaultConfigurationIsVisible = 0;
			defaultConfigurationName = Release;
		};
		21A530D72878ABE400F2E9A7 /* Build configuration list for PBXNativeTarget "StayFitUITests" */ = {
			isa = XCConfigurationList;
			buildConfigurations = (
				21A530D82878ABE400F2E9A7 /* Debug */,
				21A530D92878ABE400F2E9A7 /* Release */,
			);
			defaultConfigurationIsVisible = 0;
			defaultConfigurationName = Release;
		};
/* End XCConfigurationList section */
	};
	rootObject = 21A5309A2878ABE300F2E9A7 /* Project object */;
}
